
Microsoft Visual Studio Solution File, Format Version 12.00
# Visual Studio Version 17
VisualStudioVersion = 17.4.33103.184
MinimumVisualStudioVersion = 10.0.40219.1
Project("{9A19103F-16F7-4668-BE54-9A1E7A4F7556}") = "EmcureNPD.API", "EmcureNPD.API\EmcureNPD.API.csproj", "{BE51FBBA-CF3F-4F0C-914A-1E8FDD7EB839}"
	ProjectSection(ProjectDependencies) = postProject
		{DD8A7900-8707-4752-8AC9-28408D8E907C} = {DD8A7900-8707-4752-8AC9-28408D8E907C}
		{AF1C0840-1A08-479B-B920-7D0C1BF010DB} = {AF1C0840-1A08-479B-B920-7D0C1BF010DB}
	EndProjectSection
EndProject
Project("{2150E333-8FDC-42A3-9474-1A3956D46DE8}") = "1.API", "1.API", "{E46D3A56-DD2D-4082-8F0D-4C705CF89728}"
EndProject
Project("{2150E333-8FDC-42A3-9474-1A3956D46DE8}") = "2.Client", "2.Client", "{9A15A6A8-5E78-4B24-BF09-C34A157C2267}"
EndProject
Project("{2150E333-8FDC-42A3-9474-1A3956D46DE8}") = "3.Business", "3.Business", "{D367DD28-F4FD-43B8-B2EB-15CBEFCD1E38}"
	ProjectSection(SolutionItems) = preProject
		EmcureNPD.Web\Views\Commercial\PIDFCommercialDetails.cshtml = EmcureNPD.Web\Views\Commercial\PIDFCommercialDetails.cshtml
	EndProjectSection
EndProject
Project("{2150E333-8FDC-42A3-9474-1A3956D46DE8}") = "4.Data", "4.Data", "{6CC95C96-9492-403A-870B-93D00368386C}"
EndProject
Project("{2150E333-8FDC-42A3-9474-1A3956D46DE8}") = "5.General", "5.General", "{1C9D0179-026A-45DF-81AC-35FB3D1EE1EC}"
EndProject
Project("{9A19103F-16F7-4668-BE54-9A1E7A4F7556}") = "EmcureNPD.Web", "EmcureNPD.Web\EmcureNPD.Web.csproj", "{94BDE76F-42E8-4E89-A794-EF22DDB1CEC5}"
	ProjectSection(ProjectDependencies) = postProject
		{DD8A7900-8707-4752-8AC9-28408D8E907C} = {DD8A7900-8707-4752-8AC9-28408D8E907C}
		{BE51FBBA-CF3F-4F0C-914A-1E8FDD7EB839} = {BE51FBBA-CF3F-4F0C-914A-1E8FDD7EB839}
		{66BEEAE5-5852-4B69-83F0-F23EEBB2C1FF} = {66BEEAE5-5852-4B69-83F0-F23EEBB2C1FF}
	EndProjectSection
EndProject
Project("{9A19103F-16F7-4668-BE54-9A1E7A4F7556}") = "EmcureNPD.Business.Core", "EmcureNPD.Business.Core\EmcureNPD.Business.Core.csproj", "{315C3945-34EA-458A-91DA-6F1E2FEDB3FD}"
	ProjectSection(ProjectDependencies) = postProject
		{DD8A7900-8707-4752-8AC9-28408D8E907C} = {DD8A7900-8707-4752-8AC9-28408D8E907C}
		{AF1C0840-1A08-479B-B920-7D0C1BF010DB} = {AF1C0840-1A08-479B-B920-7D0C1BF010DB}
		{66BEEAE5-5852-4B69-83F0-F23EEBB2C1FF} = {66BEEAE5-5852-4B69-83F0-F23EEBB2C1FF}
	EndProjectSection
EndProject
Project("{9A19103F-16F7-4668-BE54-9A1E7A4F7556}") = "EmcureNPD.Business.Models", "EmcureNPD.Business.Models\EmcureNPD.Business.Models.csproj", "{DD8A7900-8707-4752-8AC9-28408D8E907C}"
	ProjectSection(ProjectDependencies) = postProject
		{66BEEAE5-5852-4B69-83F0-F23EEBB2C1FF} = {66BEEAE5-5852-4B69-83F0-F23EEBB2C1FF}
	EndProjectSection
EndProject
Project("{9A19103F-16F7-4668-BE54-9A1E7A4F7556}") = "EmcureNPD.Data.DataAccess", "EmcureNPD.Data.DataAccess\EmcureNPD.Data.DataAccess.csproj", "{AF1C0840-1A08-479B-B920-7D0C1BF010DB}"
	ProjectSection(ProjectDependencies) = postProject
		{DD8A7900-8707-4752-8AC9-28408D8E907C} = {DD8A7900-8707-4752-8AC9-28408D8E907C}
	EndProjectSection
EndProject
Project("{2150E333-8FDC-42A3-9474-1A3956D46DE8}") = "6.Test", "6.Test", "{CD220F44-AF1B-4340-BE8B-3FB932AF1248}"
EndProject
Project("{9A19103F-16F7-4668-BE54-9A1E7A4F7556}") = "EmcureNPD.Utility", "EmcureNPD.Utility\EmcureNPD.Utility.csproj", "{66BEEAE5-5852-4B69-83F0-F23EEBB2C1FF}"
EndProject
Project("{9A19103F-16F7-4668-BE54-9A1E7A4F7556}") = "EmcureNPD.Resource", "EmcureNPD.Resource\EmcureNPD.Resource.csproj", "{857C8321-6FBC-497E-9545-E4077D6067B8}"
EndProject
Project("{2150E333-8FDC-42A3-9474-1A3956D46DE8}") = "7.Scheduler", "7.Scheduler", "{CCE436D0-0E2F-4B7F-9FB3-E139E8415A42}"
EndProject
Project("{9A19103F-16F7-4668-BE54-9A1E7A4F7556}") = "EmcureNPD.Scheduler", "EmcureNPD.Scheduler\EmcureNPD.Scheduler.csproj", "{1A2AD73A-2EEA-407E-B8F1-C881ECF5E0AF}"
EndProject
Global
	GlobalSection(SolutionConfigurationPlatforms) = preSolution
		Debug|Any CPU = Debug|Any CPU
		Release|Any CPU = Release|Any CPU
	EndGlobalSection
	GlobalSection(ProjectConfigurationPlatforms) = postSolution
		{BE51FBBA-CF3F-4F0C-914A-1E8FDD7EB839}.Debug|Any CPU.ActiveCfg = Debug|Any CPU
		{BE51FBBA-CF3F-4F0C-914A-1E8FDD7EB839}.Debug|Any CPU.Build.0 = Debug|Any CPU
		{BE51FBBA-CF3F-4F0C-914A-1E8FDD7EB839}.Release|Any CPU.ActiveCfg = Release|Any CPU
		{BE51FBBA-CF3F-4F0C-914A-1E8FDD7EB839}.Release|Any CPU.Build.0 = Release|Any CPU
		{94BDE76F-42E8-4E89-A794-EF22DDB1CEC5}.Debug|Any CPU.ActiveCfg = Debug|Any CPU
		{94BDE76F-42E8-4E89-A794-EF22DDB1CEC5}.Debug|Any CPU.Build.0 = Debug|Any CPU
		{94BDE76F-42E8-4E89-A794-EF22DDB1CEC5}.Release|Any CPU.ActiveCfg = Release|Any CPU
		{94BDE76F-42E8-4E89-A794-EF22DDB1CEC5}.Release|Any CPU.Build.0 = Release|Any CPU
		{315C3945-34EA-458A-91DA-6F1E2FEDB3FD}.Debug|Any CPU.ActiveCfg = Debug|Any CPU
		{315C3945-34EA-458A-91DA-6F1E2FEDB3FD}.Debug|Any CPU.Build.0 = Debug|Any CPU
		{315C3945-34EA-458A-91DA-6F1E2FEDB3FD}.Release|Any CPU.ActiveCfg = Release|Any CPU
		{315C3945-34EA-458A-91DA-6F1E2FEDB3FD}.Release|Any CPU.Build.0 = Release|Any CPU
		{DD8A7900-8707-4752-8AC9-28408D8E907C}.Debug|Any CPU.ActiveCfg = Debug|Any CPU
		{DD8A7900-8707-4752-8AC9-28408D8E907C}.Debug|Any CPU.Build.0 = Debug|Any CPU
		{DD8A7900-8707-4752-8AC9-28408D8E907C}.Release|Any CPU.ActiveCfg = Release|Any CPU
		{DD8A7900-8707-4752-8AC9-28408D8E907C}.Release|Any CPU.Build.0 = Release|Any CPU
		{AF1C0840-1A08-479B-B920-7D0C1BF010DB}.Debug|Any CPU.ActiveCfg = Debug|Any CPU
		{AF1C0840-1A08-479B-B920-7D0C1BF010DB}.Debug|Any CPU.Build.0 = Debug|Any CPU
		{AF1C0840-1A08-479B-B920-7D0C1BF010DB}.Release|Any CPU.ActiveCfg = Release|Any CPU
		{AF1C0840-1A08-479B-B920-7D0C1BF010DB}.Release|Any CPU.Build.0 = Release|Any CPU
		{66BEEAE5-5852-4B69-83F0-F23EEBB2C1FF}.Debug|Any CPU.ActiveCfg = Debug|Any CPU
		{66BEEAE5-5852-4B69-83F0-F23EEBB2C1FF}.Debug|Any CPU.Build.0 = Debug|Any CPU
		{66BEEAE5-5852-4B69-83F0-F23EEBB2C1FF}.Release|Any CPU.ActiveCfg = Release|Any CPU
		{66BEEAE5-5852-4B69-83F0-F23EEBB2C1FF}.Release|Any CPU.Build.0 = Release|Any CPU
		{857C8321-6FBC-497E-9545-E4077D6067B8}.Debug|Any CPU.ActiveCfg = Debug|Any CPU
		{857C8321-6FBC-497E-9545-E4077D6067B8}.Debug|Any CPU.Build.0 = Debug|Any CPU
		{857C8321-6FBC-497E-9545-E4077D6067B8}.Release|Any CPU.ActiveCfg = Release|Any CPU
		{857C8321-6FBC-497E-9545-E4077D6067B8}.Release|Any CPU.Build.0 = Release|Any CPU
		{1A2AD73A-2EEA-407E-B8F1-C881ECF5E0AF}.Debug|Any CPU.ActiveCfg = Debug|Any CPU
		{1A2AD73A-2EEA-407E-B8F1-C881ECF5E0AF}.Debug|Any CPU.Build.0 = Debug|Any CPU
		{1A2AD73A-2EEA-407E-B8F1-C881ECF5E0AF}.Release|Any CPU.ActiveCfg = Release|Any CPU
		{1A2AD73A-2EEA-407E-B8F1-C881ECF5E0AF}.Release|Any CPU.Build.0 = Release|Any CPU
	EndGlobalSection
	GlobalSection(SolutionProperties) = preSolution
		HideSolutionNode = FALSE
	EndGlobalSection
	GlobalSection(NestedProjects) = preSolution
		{BE51FBBA-CF3F-4F0C-914A-1E8FDD7EB839} = {E46D3A56-DD2D-4082-8F0D-4C705CF89728}
		{94BDE76F-42E8-4E89-A794-EF22DDB1CEC5} = {9A15A6A8-5E78-4B24-BF09-C34A157C2267}
		{315C3945-34EA-458A-91DA-6F1E2FEDB3FD} = {D367DD28-F4FD-43B8-B2EB-15CBEFCD1E38}
		{DD8A7900-8707-4752-8AC9-28408D8E907C} = {D367DD28-F4FD-43B8-B2EB-15CBEFCD1E38}
		{AF1C0840-1A08-479B-B920-7D0C1BF010DB} = {6CC95C96-9492-403A-870B-93D00368386C}
		{66BEEAE5-5852-4B69-83F0-F23EEBB2C1FF} = {1C9D0179-026A-45DF-81AC-35FB3D1EE1EC}
		{857C8321-6FBC-497E-9545-E4077D6067B8} = {1C9D0179-026A-45DF-81AC-35FB3D1EE1EC}
		{1A2AD73A-2EEA-407E-B8F1-C881ECF5E0AF} = {CCE436D0-0E2F-4B7F-9FB3-E139E8415A42}
	EndGlobalSection
	GlobalSection(ExtensibilityGlobals) = postSolution
		SolutionGuid = {89189FF5-CDD1-4388-940C-2802A48F0702}
	EndGlobalSection
EndGlobal
